Microsoft Visual Studio Solution File, Format Version 8.00
Project("{8BC9CEB8-8B4A-11D0-8D11-00A0C91BC942}") = "yacas", "yacas.vcproj", "{161EEC3E-F70C-4887-90C2-69AB9E418B13}"
	ProjectSection(ProjectDependencies) = postProject
	EndProjectSection
EndProject
Project("{8BC9CEB8-8B4A-11D0-8D11-00A0C91BC942}") = "yacasdll", "yacasdll.vcproj", "{E4BCB235-3CD2-4E6D-BCC1-60760E0CDE12}"
	ProjectSection(ProjectDependencies) = postProject
	EndProjectSection
EndProject
Project("{8BC9CEB8-8B4A-11D0-8D11-00A0C91BC942}") = "compressor", "compressor.vcproj", "{79D9F0E7-AE79-466F-AA06-CBCFBD9EE76F}"
	ProjectSection(ProjectDependencies) = postProject
	EndProjectSection
EndProject
Project("{8BC9CEB8-8B4A-11D0-8D11-00A0C91BC942}") = "mkfastprimes", "mkfastprimes.vcproj", "{D3B2B7B4-7BB3-4D1A-B105-CA8DC6966D27}"
	ProjectSection(ProjectDependencies) = postProject
	EndProjectSection
EndProject
Project("{8BC9CEB8-8B4A-11D0-8D11-00A0C91BC942}") = "colorcode", "..\colorcode\colorcode.vcproj", "{93FE1583-5259-49BF-BA2E-9012043C60D8}"
	ProjectSection(ProjectDependencies) = postProject
	EndProjectSection
EndProject
Project("{8BC9CEB8-8B4A-11D0-8D11-00A0C91BC942}") = "compile", "..\compile\compile.vcproj", "{B10048FF-9146-4428-8EE5-C7EDFE467684}"
	ProjectSection(ProjectDependencies) = postProject
	EndProjectSection
EndProject
Project("{8BC9CEB8-8B4A-11D0-8D11-00A0C91BC942}") = "embed", "..\embed\wintest1.vcproj", "{A9955742-A519-4F13-AE3B-F095C43FFB79}"
	ProjectSection(ProjectDependencies) = postProject
	EndProjectSection
EndProject
Project("{8BC9CEB8-8B4A-11D0-8D11-00A0C91BC942}") = "JavaYacas", "..\JavaYacas\JavaYacas.vcproj", "{53835F0D-A989-4E76-82D8-1AF4C80E5EC7}"
	ProjectSection(ProjectDependencies) = postProject
	EndProjectSection
EndProject
Project("{8BC9CEB8-8B4A-11D0-8D11-00A0C91BC942}") = "libltdl", "..\libltdl\libltdl.vcproj", "{62E6DAE0-4FEE-42BA-9424-B4DBF42A863E}"
	ProjectSection(ProjectDependencies) = postProject
	EndProjectSection
EndProject
Project("{8BC9CEB8-8B4A-11D0-8D11-00A0C91BC942}") = "manmake", "..\manmake\manmake.vcproj", "{D02596DB-AFA2-4C32-B0B3-B981DDFA2875}"
	ProjectSection(ProjectDependencies) = postProject
	EndProjectSection
EndProject
Project("{8BC9CEB8-8B4A-11D0-8D11-00A0C91BC942}") = "plugins", "..\plugins\plugins.vcproj", "{533E33E6-1AD0-4B25-913D-166270D10584}"
	ProjectSection(ProjectDependencies) = postProject
	EndProjectSection
EndProject
Project("{8BC9CEB8-8B4A-11D0-8D11-00A0C91BC942}") = "proteus", "..\proteus\proteus.vcproj", "{A19118EF-0295-40FA-9E5D-568B041B89A6}"
	ProjectSection(ProjectDependencies) = postProject
	EndProjectSection
EndProject
Project("{8BC9CEB8-8B4A-11D0-8D11-00A0C91BC942}") = "tests", "..\tests\tests.vcproj", "{89BF1619-9ECC-459F-81CA-BA29A9E180FA}"
	ProjectSection(ProjectDependencies) = postProject
	EndProjectSection
EndProject
Project("{8BC9CEB8-8B4A-11D0-8D11-00A0C91BC942}") = "scripts", "..\scripts\scripts.vcproj", "{2269EB4D-8950-4C97-ACCA-C6931D636D16}"
	ProjectSection(ProjectDependencies) = postProject
	EndProjectSection
EndProject
Project("{8BC9CEB8-8B4A-11D0-8D11-00A0C91BC942}") = "hack", "..\hack\hack.vcproj", "{604CD714-F27F-494F-A2F5-910D238BB48A}"
	ProjectSection(ProjectDependencies) = postProject
	EndProjectSection
EndProject
Global
	GlobalSection(SolutionConfiguration) = preSolution
		Debug = Debug
		Release = Release
	EndGlobalSection
	GlobalSection(ProjectConfiguration) = postSolution
		{161EEC3E-F70C-4887-90C2-69AB9E418B13}.Debug.ActiveCfg = Debug|Win32
		{161EEC3E-F70C-4887-90C2-69AB9E418B13}.Debug.Build.0 = Debug|Win32
		{161EEC3E-F70C-4887-90C2-69AB9E418B13}.Release.ActiveCfg = Release|Win32
		{161EEC3E-F70C-4887-90C2-69AB9E418B13}.Release.Build.0 = Release|Win32
		{E4BCB235-3CD2-4E6D-BCC1-60760E0CDE12}.Debug.ActiveCfg = Debug|Win32
		{E4BCB235-3CD2-4E6D-BCC1-60760E0CDE12}.Debug.Build.0 = Debug|Win32
		{E4BCB235-3CD2-4E6D-BCC1-60760E0CDE12}.Release.ActiveCfg = Release|Win32
		{E4BCB235-3CD2-4E6D-BCC1-60760E0CDE12}.Release.Build.0 = Release|Win32
		{79D9F0E7-AE79-466F-AA06-CBCFBD9EE76F}.Debug.ActiveCfg = Debug|Win32
		{79D9F0E7-AE79-466F-AA06-CBCFBD9EE76F}.Debug.Build.0 = Debug|Win32
		{79D9F0E7-AE79-466F-AA06-CBCFBD9EE76F}.Release.ActiveCfg = Release|Win32
		{79D9F0E7-AE79-466F-AA06-CBCFBD9EE76F}.Release.Build.0 = Release|Win32
		{D3B2B7B4-7BB3-4D1A-B105-CA8DC6966D27}.Debug.ActiveCfg = Debug|Win32
		{D3B2B7B4-7BB3-4D1A-B105-CA8DC6966D27}.Debug.Build.0 = Debug|Win32
		{D3B2B7B4-7BB3-4D1A-B105-CA8DC6966D27}.Release.ActiveCfg = Release|Win32
		{D3B2B7B4-7BB3-4D1A-B105-CA8DC6966D27}.Release.Build.0 = Release|Win32
		{93FE1583-5259-49BF-BA2E-9012043C60D8}.Debug.ActiveCfg = Debug|Win32
		{93FE1583-5259-49BF-BA2E-9012043C60D8}.Debug.Build.0 = Debug|Win32
		{93FE1583-5259-49BF-BA2E-9012043C60D8}.Release.ActiveCfg = Release|Win32
		{93FE1583-5259-49BF-BA2E-9012043C60D8}.Release.Build.0 = Release|Win32
		{B10048FF-9146-4428-8EE5-C7EDFE467684}.Debug.ActiveCfg = Debug|Win32
		{B10048FF-9146-4428-8EE5-C7EDFE467684}.Debug.Build.0 = Debug|Win32
		{B10048FF-9146-4428-8EE5-C7EDFE467684}.Release.ActiveCfg = Release|Win32
		{B10048FF-9146-4428-8EE5-C7EDFE467684}.Release.Build.0 = Release|Win32
		{A9955742-A519-4F13-AE3B-F095C43FFB79}.Debug.ActiveCfg = Debug|Win32
		{A9955742-A519-4F13-AE3B-F095C43FFB79}.Debug.Build.0 = Debug|Win32
		{A9955742-A519-4F13-AE3B-F095C43FFB79}.Release.ActiveCfg = Release|Win32
		{A9955742-A519-4F13-AE3B-F095C43FFB79}.Release.Build.0 = Release|Win32
		{53835F0D-A989-4E76-82D8-1AF4C80E5EC7}.Debug.ActiveCfg = Debug|Win32
		{53835F0D-A989-4E76-82D8-1AF4C80E5EC7}.Debug.Build.0 = Debug|Win32
		{53835F0D-A989-4E76-82D8-1AF4C80E5EC7}.Release.ActiveCfg = Release|Win32
		{53835F0D-A989-4E76-82D8-1AF4C80E5EC7}.Release.Build.0 = Release|Win32
		{62E6DAE0-4FEE-42BA-9424-B4DBF42A863E}.Debug.ActiveCfg = Debug|Win32
		{62E6DAE0-4FEE-42BA-9424-B4DBF42A863E}.Debug.Build.0 = Debug|Win32
		{62E6DAE0-4FEE-42BA-9424-B4DBF42A863E}.Release.ActiveCfg = Release|Win32
		{62E6DAE0-4FEE-42BA-9424-B4DBF42A863E}.Release.Build.0 = Release|Win32
		{D02596DB-AFA2-4C32-B0B3-B981DDFA2875}.Debug.ActiveCfg = Debug|Win32
		{D02596DB-AFA2-4C32-B0B3-B981DDFA2875}.Debug.Build.0 = Debug|Win32
		{D02596DB-AFA2-4C32-B0B3-B981DDFA2875}.Release.ActiveCfg = Release|Win32
		{D02596DB-AFA2-4C32-B0B3-B981DDFA2875}.Release.Build.0 = Release|Win32
		{533E33E6-1AD0-4B25-913D-166270D10584}.Debug.ActiveCfg = Debug|Win32
		{533E33E6-1AD0-4B25-913D-166270D10584}.Debug.Build.0 = Debug|Win32
		{533E33E6-1AD0-4B25-913D-166270D10584}.Release.ActiveCfg = Release|Win32
		{533E33E6-1AD0-4B25-913D-166270D10584}.Release.Build.0 = Release|Win32
		{A19118EF-0295-40FA-9E5D-568B041B89A6}.Debug.ActiveCfg = Debug|Win32
		{A19118EF-0295-40FA-9E5D-568B041B89A6}.Debug.Build.0 = Debug|Win32
		{A19118EF-0295-40FA-9E5D-568B041B89A6}.Release.ActiveCfg = Release|Win32
		{A19118EF-0295-40FA-9E5D-568B041B89A6}.Release.Build.0 = Release|Win32
		{89BF1619-9ECC-459F-81CA-BA29A9E180FA}.Debug.ActiveCfg = Debug|Win32
		{89BF1619-9ECC-459F-81CA-BA29A9E180FA}.Debug.Build.0 = Debug|Win32
		{89BF1619-9ECC-459F-81CA-BA29A9E180FA}.Release.ActiveCfg = Release|Win32
		{89BF1619-9ECC-459F-81CA-BA29A9E180FA}.Release.Build.0 = Release|Win32
		{2269EB4D-8950-4C97-ACCA-C6931D636D16}.Debug.ActiveCfg = Debug|Win32
		{2269EB4D-8950-4C97-ACCA-C6931D636D16}.Debug.Build.0 = Debug|Win32
		{2269EB4D-8950-4C97-ACCA-C6931D636D16}.Release.ActiveCfg = Release|Win32
		{2269EB4D-8950-4C97-ACCA-C6931D636D16}.Release.Build.0 = Release|Win32
		{604CD714-F27F-494F-A2F5-910D238BB48A}.Debug.ActiveCfg = Debug|Win32
		{604CD714-F27F-494F-A2F5-910D238BB48A}.Debug.Build.0 = Debug|Win32
		{604CD714-F27F-494F-A2F5-910D238BB48A}.Release.ActiveCfg = Release|Win32
		{604CD714-F27F-494F-A2F5-910D238BB48A}.Release.Build.0 = Release|Win32
	EndGlobalSection
	GlobalSection(ExtensibilityGlobals) = postSolution
	EndGlobalSection
	GlobalSection(ExtensibilityAddIns) = postSolution
	EndGlobalSection
EndGlobal
